
Microsoft Visual Studio Solution File, Format Version 12.00
# Visual Studio 15
VisualStudioVersion = 15.0.28307.421
MinimumVisualStudioVersion = 10.0.40219.1
Project("{2150E333-8FDC-42A3-9474-1A3956D46DE8}") = "0_thirdparty_ace", "0_thirdparty_ace", "{4204A578-CB2F-4E92-94F9-B976B9C62BB4}"
EndProject
Project("{8BC9CEB8-8B4A-11D0-8D11-00A0C91BC942}") = "ACE", "thirdparty\ACE-7.0.7\ace\ACE_vs2017.vcxproj", "{18A441B9-FECA-1BAD-6757-8A6300006755}"
EndProject
Project("{2150E333-8FDC-42A3-9474-1A3956D46DE8}") = "ace", "ace", "{C50B0689-1390-49B6-9FC0-00140B144D41}"
EndProject
Project("{2150E333-8FDC-42A3-9474-1A3956D46DE8}") = "1_demo", "1_demo", "{A6E719E0-C07B-4E4F-89E4-F7937C099D34}"
EndProject
Project("{2150E333-8FDC-42A3-9474-1A3956D46DE8}") = "ace技术内幕", "ace技术内幕", "{DCCCCE0E-1FA9-418B-AAA4-C2574DF5E9C7}"
EndProject
Project("{8BC9CEB8-8B4A-11D0-8D11-00A0C91BC942}") = "ch1_client", "demo\ace技术内幕\ch_1\ch1_client.vcxproj", "{15060089-FECA-1BAD-B753-CBFC9FE5DD76}"
EndProject
Project("{2150E333-8FDC-42A3-9474-1A3956D46DE8}") = "ch_1", "ch_1", "{61BF283E-C1A4-4EB4-B080-25A7C3A29DEB}"
EndProject
Project("{8BC9CEB8-8B4A-11D0-8D11-00A0C91BC942}") = "ch_1_server", "demo\ace技术内幕\ch_1\ch1_server.vcxproj", "{4C761EB3-4E92-47A5-8E20-97DE9ACA4644}"
EndProject
Project("{2150E333-8FDC-42A3-9474-1A3956D46DE8}") = "ch_2", "ch_2", "{F9E1A4A9-8DB8-4DA0-83B0-92D57D3FB679}"
EndProject
Project("{8BC9CEB8-8B4A-11D0-8D11-00A0C91BC942}") = "ch1_server", "demo\ace技术内幕\ch_2\ch2_server.vcxproj", "{AA6ADB84-11E5-4BC1-9E05-C610DC524F0D}"
EndProject
Project("{2150E333-8FDC-42A3-9474-1A3956D46DE8}") = "ch_4", "ch_4", "{A9AED01B-B531-4752-B33D-72C37FEB32DF}"
EndProject
Project("{8BC9CEB8-8B4A-11D0-8D11-00A0C91BC942}") = "ch_4_active_object", "demo\ace技术内幕\ch_4\active_object\ch_4_active_object.vcxproj", "{9AFC7DDB-29D5-44E0-AC98-45465AB182F2}"
EndProject
Project("{8BC9CEB8-8B4A-11D0-8D11-00A0C91BC942}") = "ch_4_task", "demo\ace技术内幕\ch_4\task\ch_4_task.vcxproj", "{C0CA6ECF-666D-45E0-A911-AB23238A0B9C}"
EndProject
Project("{2150E333-8FDC-42A3-9474-1A3956D46DE8}") = "ch_5", "ch_5", "{A08313F6-8B21-4FC6-8944-D9267678A337}"
EndProject
Project("{8BC9CEB8-8B4A-11D0-8D11-00A0C91BC942}") = "ch_5_server", "demo\ace技术内幕\ch_5\ch5_server.vcxproj", "{4F490EDE-9F30-40C8-BB24-4D6AF06AD56B}"
EndProject
Project("{2150E333-8FDC-42A3-9474-1A3956D46DE8}") = "ch_6", "ch_6", "{030FDA7C-E1B6-4E30-9F62-2B89BAA3DD4C}"
EndProject
Project("{8BC9CEB8-8B4A-11D0-8D11-00A0C91BC942}") = "ch6_handle_data", "demo\ace技术内幕\ch_6\ch_6\ch6_handle_data.vcxproj", "{DA3B11CC-DFB0-42BF-AD18-F2F78F9A68D9}"
EndProject
Project("{2150E333-8FDC-42A3-9474-1A3956D46DE8}") = "ch_7", "ch_7", "{CDB9FDA1-6AE4-4139-8840-109AA5990CAE}"
EndProject
Project("{8BC9CEB8-8B4A-11D0-8D11-00A0C91BC942}") = "ch_7_logrec", "demo\ace技术内幕\ch_7\ch_7\ch_7_logrec.vcxproj", "{9791B39C-BB4A-4592-B3C5-81A5E621F78C}"
EndProject
Project("{8BC9CEB8-8B4A-11D0-8D11-00A0C91BC942}") = "client", "demo\ace技术内幕\client\client.vcxproj", "{C8DED267-F804-4D3B-A068-3D327F15F69E}"
EndProject
Project("{8BC9CEB8-8B4A-11D0-8D11-00A0C91BC942}") = "macro_test", "demo\ace技术内幕\macro_test\macro_test.vcxproj", "{D6DFD3BD-BEA8-4FCB-A67B-F8B293435546}"
EndProject
Global
	GlobalSection(SolutionConfigurationPlatforms) = preSolution
		Debug|x64 = Debug|x64
		Release|x64 = Release|x64
	EndGlobalSection
	GlobalSection(ProjectConfigurationPlatforms) = postSolution
		{18A441B9-FECA-1BAD-6757-8A6300006755}.Debug|x64.ActiveCfg = Debug|x64
		{18A441B9-FECA-1BAD-6757-8A6300006755}.Debug|x64.Build.0 = Debug|x64
		{18A441B9-FECA-1BAD-6757-8A6300006755}.Release|x64.ActiveCfg = Release|x64
		{18A441B9-FECA-1BAD-6757-8A6300006755}.Release|x64.Build.0 = Release|x64
		{15060089-FECA-1BAD-B753-CBFC9FE5DD76}.Debug|x64.ActiveCfg = Debug|x64
		{15060089-FECA-1BAD-B753-CBFC9FE5DD76}.Debug|x64.Build.0 = Debug|x64
		{15060089-FECA-1BAD-B753-CBFC9FE5DD76}.Release|x64.ActiveCfg = Release|x64
		{15060089-FECA-1BAD-B753-CBFC9FE5DD76}.Release|x64.Build.0 = Release|x64
		{4C761EB3-4E92-47A5-8E20-97DE9ACA4644}.Debug|x64.ActiveCfg = Debug|x64
		{4C761EB3-4E92-47A5-8E20-97DE9ACA4644}.Debug|x64.Build.0 = Debug|x64
		{4C761EB3-4E92-47A5-8E20-97DE9ACA4644}.Release|x64.ActiveCfg = Release|x64
		{4C761EB3-4E92-47A5-8E20-97DE9ACA4644}.Release|x64.Build.0 = Release|x64
		{AA6ADB84-11E5-4BC1-9E05-C610DC524F0D}.Debug|x64.ActiveCfg = Debug|x64
		{AA6ADB84-11E5-4BC1-9E05-C610DC524F0D}.Debug|x64.Build.0 = Debug|x64
		{AA6ADB84-11E5-4BC1-9E05-C610DC524F0D}.Release|x64.ActiveCfg = Release|x64
		{AA6ADB84-11E5-4BC1-9E05-C610DC524F0D}.Release|x64.Build.0 = Release|x64
		{9AFC7DDB-29D5-44E0-AC98-45465AB182F2}.Debug|x64.ActiveCfg = Debug|x64
		{9AFC7DDB-29D5-44E0-AC98-45465AB182F2}.Debug|x64.Build.0 = Debug|x64
		{9AFC7DDB-29D5-44E0-AC98-45465AB182F2}.Release|x64.ActiveCfg = Release|x64
		{9AFC7DDB-29D5-44E0-AC98-45465AB182F2}.Release|x64.Build.0 = Release|x64
		{C0CA6ECF-666D-45E0-A911-AB23238A0B9C}.Debug|x64.ActiveCfg = Debug|x64
		{C0CA6ECF-666D-45E0-A911-AB23238A0B9C}.Debug|x64.Build.0 = Debug|x64
		{C0CA6ECF-666D-45E0-A911-AB23238A0B9C}.Release|x64.ActiveCfg = Release|x64
		{C0CA6ECF-666D-45E0-A911-AB23238A0B9C}.Release|x64.Build.0 = Release|x64
		{4F490EDE-9F30-40C8-BB24-4D6AF06AD56B}.Debug|x64.ActiveCfg = Debug|x64
		{4F490EDE-9F30-40C8-BB24-4D6AF06AD56B}.Debug|x64.Build.0 = Debug|x64
		{4F490EDE-9F30-40C8-BB24-4D6AF06AD56B}.Release|x64.ActiveCfg = Release|x64
		{4F490EDE-9F30-40C8-BB24-4D6AF06AD56B}.Release|x64.Build.0 = Release|x64
		{DA3B11CC-DFB0-42BF-AD18-F2F78F9A68D9}.Debug|x64.ActiveCfg = Debug|x64
		{DA3B11CC-DFB0-42BF-AD18-F2F78F9A68D9}.Debug|x64.Build.0 = Debug|x64
		{DA3B11CC-DFB0-42BF-AD18-F2F78F9A68D9}.Release|x64.ActiveCfg = Release|x64
		{DA3B11CC-DFB0-42BF-AD18-F2F78F9A68D9}.Release|x64.Build.0 = Release|x64
		{9791B39C-BB4A-4592-B3C5-81A5E621F78C}.Debug|x64.ActiveCfg = Debug|x64
		{9791B39C-BB4A-4592-B3C5-81A5E621F78C}.Debug|x64.Build.0 = Debug|x64
		{9791B39C-BB4A-4592-B3C5-81A5E621F78C}.Release|x64.ActiveCfg = Release|x64
		{9791B39C-BB4A-4592-B3C5-81A5E621F78C}.Release|x64.Build.0 = Release|x64
		{C8DED267-F804-4D3B-A068-3D327F15F69E}.Debug|x64.ActiveCfg = Debug|x64
		{C8DED267-F804-4D3B-A068-3D327F15F69E}.Debug|x64.Build.0 = Debug|x64
		{C8DED267-F804-4D3B-A068-3D327F15F69E}.Release|x64.ActiveCfg = Release|x64
		{C8DED267-F804-4D3B-A068-3D327F15F69E}.Release|x64.Build.0 = Release|x64
		{D6DFD3BD-BEA8-4FCB-A67B-F8B293435546}.Debug|x64.ActiveCfg = Debug|x64
		{D6DFD3BD-BEA8-4FCB-A67B-F8B293435546}.Debug|x64.Build.0 = Debug|x64
		{D6DFD3BD-BEA8-4FCB-A67B-F8B293435546}.Release|x64.ActiveCfg = Release|x64
		{D6DFD3BD-BEA8-4FCB-A67B-F8B293435546}.Release|x64.Build.0 = Release|x64
	EndGlobalSection
	GlobalSection(SolutionProperties) = preSolution
		HideSolutionNode = FALSE
	EndGlobalSection
	GlobalSection(NestedProjects) = preSolution
		{18A441B9-FECA-1BAD-6757-8A6300006755} = {C50B0689-1390-49B6-9FC0-00140B144D41}
		{C50B0689-1390-49B6-9FC0-00140B144D41} = {4204A578-CB2F-4E92-94F9-B976B9C62BB4}
		{DCCCCE0E-1FA9-418B-AAA4-C2574DF5E9C7} = {A6E719E0-C07B-4E4F-89E4-F7937C099D34}
		{15060089-FECA-1BAD-B753-CBFC9FE5DD76} = {61BF283E-C1A4-4EB4-B080-25A7C3A29DEB}
		{61BF283E-C1A4-4EB4-B080-25A7C3A29DEB} = {DCCCCE0E-1FA9-418B-AAA4-C2574DF5E9C7}
		{4C761EB3-4E92-47A5-8E20-97DE9ACA4644} = {61BF283E-C1A4-4EB4-B080-25A7C3A29DEB}
		{F9E1A4A9-8DB8-4DA0-83B0-92D57D3FB679} = {DCCCCE0E-1FA9-418B-AAA4-C2574DF5E9C7}
		{AA6ADB84-11E5-4BC1-9E05-C610DC524F0D} = {F9E1A4A9-8DB8-4DA0-83B0-92D57D3FB679}
		{A9AED01B-B531-4752-B33D-72C37FEB32DF} = {DCCCCE0E-1FA9-418B-AAA4-C2574DF5E9C7}
		{9AFC7DDB-29D5-44E0-AC98-45465AB182F2} = {A9AED01B-B531-4752-B33D-72C37FEB32DF}
		{C0CA6ECF-666D-45E0-A911-AB23238A0B9C} = {A9AED01B-B531-4752-B33D-72C37FEB32DF}
		{A08313F6-8B21-4FC6-8944-D9267678A337} = {DCCCCE0E-1FA9-418B-AAA4-C2574DF5E9C7}
		{4F490EDE-9F30-40C8-BB24-4D6AF06AD56B} = {A08313F6-8B21-4FC6-8944-D9267678A337}
		{030FDA7C-E1B6-4E30-9F62-2B89BAA3DD4C} = {DCCCCE0E-1FA9-418B-AAA4-C2574DF5E9C7}
		{DA3B11CC-DFB0-42BF-AD18-F2F78F9A68D9} = {030FDA7C-E1B6-4E30-9F62-2B89BAA3DD4C}
		{CDB9FDA1-6AE4-4139-8840-109AA5990CAE} = {DCCCCE0E-1FA9-418B-AAA4-C2574DF5E9C7}
		{9791B39C-BB4A-4592-B3C5-81A5E621F78C} = {CDB9FDA1-6AE4-4139-8840-109AA5990CAE}
		{C8DED267-F804-4D3B-A068-3D327F15F69E} = {DCCCCE0E-1FA9-418B-AAA4-C2574DF5E9C7}
		{D6DFD3BD-BEA8-4FCB-A67B-F8B293435546} = {DCCCCE0E-1FA9-418B-AAA4-C2574DF5E9C7}
	EndGlobalSection
	GlobalSection(ExtensibilityGlobals) = postSolution
		SolutionGuid = {0A8CEE52-492A-4393-9DD8-1A14948800DE}
	EndGlobalSection
EndGlobal
